
Microsoft Visual Studio Solution File, Format Version 12.00
# Visual Studio Version 16
VisualStudioVersion = 16.0.30011.22
MinimumVisualStudioVersion = 10.0.40219.1
Project("{FAE04EC0-301F-11D3-BF4B-00C04F79EFBC}") = "s2Lab4", "s2Lab4\s2Lab4.csproj", "{AF9A242B-F6C4-4E0B-B16E-C029AEB82232}"
EndProject
Global
	GlobalSection(SolutionConfigurationPlatforms) = preSolution
		Debug|Any CPU = Debug|Any CPU
		Release|Any CPU = Release|Any CPU
	EndGlobalSection
	GlobalSection(ProjectConfigurationPlatforms) = postSolution
		{AF9A242B-F6C4-4E0B-B16E-C029AEB82232}.Debug|Any CPU.ActiveCfg = Debug|Any CPU
		{AF9A242B-F6C4-4E0B-B16E-C029AEB82232}.Debug|Any CPU.Build.0 = Debug|Any CPU
		{AF9A242B-F6C4-4E0B-B16E-C029AEB82232}.Release|Any CPU.ActiveCfg = Release|Any CPU
		{AF9A242B-F6C4-4E0B-B16E-C029AEB82232}.Release|Any CPU.Build.0 = Release|Any CPU
	EndGlobalSection
	GlobalSection(SolutionProperties) = preSolution
		HideSolutionNode = FALSE
	EndGlobalSection
	GlobalSection(ExtensibilityGlobals) = postSolution
		SolutionGuid = {67F89298-FB4A-48D6-9464-8A4354392C3B}
	EndGlobalSection
EndGlobal
